# Auto-generated by mcpp. Do not edit by hand.
# Records what this build resolved. It does not yet pin future builds:
# index dependencies are re-resolved from their constraints each time.
# dev-dependencies are excluded: only `mcpp test` resolves them, and this
# file must not change depending on which command ran last.
version = 2

[package."compat.catch2"]
namespace = "compat"
version = "2.13.10"
source  = "index+compat@2.13.10"
hash    = "fnv1a:50719400df192025"

